// !$*UTF8*$!
{
	archiveVersion = 1;
	classes = {
	};
	objectVersion = 56;
	objects = {

/* Begin PBXBuildFile section */
		769B406D2A79336500C01E8C /* main.cpp in Sources */ = {isa = PBXBuildFile; fileRef = 769B406C2A79336500C01E8C /* main.cpp */; };
		769B40752A7AE9EB00C01E8C /* Quiz.cpp in Sources */ = {isa = PBXBuildFile; fileRef = 769B40732A7AE9EB00C01E8C /* Quiz.cpp */; };
		769B40782A7D75CA00C01E8C /* Menu.cpp in Sources */ = {isa = PBXBuildFile; fileRef = 769B40762A7D75CA00C01E8C /* Menu.cpp */; };
		769B407B2A86BEBD00C01E8C /* GuessNum.cpp in Sources */ = {isa = PBXBuildFile; fileRef = 769B40792A86BEBD00C01E8C /* GuessNum.cpp */; };
		769B407E2A8BFF0600C01E8C /* Constants.cpp in Sources */ = {isa = PBXBuildFile; fileRef = 769B407C2A8BFF0600C01E8C /* Constants.cpp */; };
		769B40812A8D59F400C01E8C /* libcurl.tbd in Frameworks */ = {isa = PBXBuildFile; fileRef = 769B40802A8D59F400C01E8C /* libcurl.tbd */; };
		769B40842A9D0FBF00C01E8C /* Animal.cpp in Sources */ = {isa = PBXBuildFile; fileRef = 769B40822A9D0FBF00C01E8C /* Animal.cpp */; };
		769B40872A9D114700C01E8C /* Cat.cpp in Sources */ = {isa = PBXBuildFile; fileRef = 769B40852A9D114700C01E8C /* Cat.cpp */; };
/* End PBXBuildFile section */

/* Begin PBXCopyFilesBuildPhase section */
		769B40672A79336500C01E8C /* CopyFiles */ = {
			isa = PBXCopyFilesBuildPhase;
			buildActionMask = 2147483647;
			dstPath = /usr/share/man/man1/;
			dstSubfolderSpec = 0;
			files = (
			);
			runOnlyForDeploymentPostprocessing = 1;
		};
/* End PBXCopyFilesBuildPhase section */

/* Begin PBXFileReference section */
		769B40692A79336500C01E8C /* projekt1 */ = {isa = PBXFileReference; explicitFileType = "compiled.mach-o.executable"; includeInIndex = 0; path = projekt1; sourceTree = BUILT_PRODUCTS_DIR; };
		769B406C2A79336500C01E8C /* main.cpp */ = {isa = PBXFileReference; lastKnownFileType = sourcecode.cpp.cpp; path = main.cpp; sourceTree = "<group>"; };
		769B40732A7AE9EB00C01E8C /* Quiz.cpp */ = {isa = PBXFileReference; lastKnownFileType = sourcecode.cpp.cpp; path = Quiz.cpp; sourceTree = "<group>"; };
		769B40742A7AE9EB00C01E8C /* Quiz.hpp */ = {isa = PBXFileReference; lastKnownFileType = sourcecode.cpp.h; path = Quiz.hpp; sourceTree = "<group>"; };
		769B40762A7D75CA00C01E8C /* Menu.cpp */ = {isa = PBXFileReference; lastKnownFileType = sourcecode.cpp.cpp; path = Menu.cpp; sourceTree = "<group>"; };
		769B40772A7D75CA00C01E8C /* Menu.hpp */ = {isa = PBXFileReference; lastKnownFileType = sourcecode.cpp.h; path = Menu.hpp; sourceTree = "<group>"; };
		769B40792A86BEBD00C01E8C /* GuessNum.cpp */ = {isa = PBXFileReference; lastKnownFileType = sourcecode.cpp.cpp; path = GuessNum.cpp; sourceTree = "<group>"; };
		769B407A2A86BEBD00C01E8C /* GuessNum.hpp */ = {isa = PBXFileReference; lastKnownFileType = sourcecode.cpp.h; path = GuessNum.hpp; sourceTree = "<group>"; };
		769B407C2A8BFF0600C01E8C /* Constants.cpp */ = {isa = PBXFileReference; lastKnownFileType = sourcecode.cpp.cpp; path = Constants.cpp; sourceTree = "<group>"; };
		769B407D2A8BFF0600C01E8C /* Constants.hpp */ = {isa = PBXFileReference; lastKnownFileType = sourcecode.cpp.h; path = Constants.hpp; sourceTree = "<group>"; };
		769B40802A8D59F400C01E8C /* libcurl.tbd */ = {isa = PBXFileReference; lastKnownFileType = "sourcecode.text-based-dylib-definition"; name = libcurl.tbd; path = usr/lib/libcurl.tbd; sourceTree = SDKROOT; };
		769B40822A9D0FBF00C01E8C /* Animal.cpp */ = {isa = PBXFileReference; lastKnownFileType = sourcecode.cpp.cpp; path = Animal.cpp; sourceTree = "<group>"; };
		769B40832A9D0FBF00C01E8C /* Animal.hpp */ = {isa = PBXFileReference; lastKnownFileType = sourcecode.cpp.h; path = Animal.hpp; sourceTree = "<group>"; };
		769B40852A9D114700C01E8C /* Cat.cpp */ = {isa = PBXFileReference; lastKnownFileType = sourcecode.cpp.cpp; path = Cat.cpp; sourceTree = "<group>"; };
		769B40862A9D114700C01E8C /* Cat.hpp */ = {isa = PBXFileReference; lastKnownFileType = sourcecode.cpp.h; path = Cat.hpp; sourceTree = "<group>"; };
/* End PBXFileReference section */

/* Begin PBXFrameworksBuildPhase section */
		769B40662A79336500C01E8C /* Frameworks */ = {
			isa = PBXFrameworksBuildPhase;
			buildActionMask = 2147483647;
			files = (
				769B40812A8D59F400C01E8C /* libcurl.tbd in Frameworks */,
			);
			runOnlyForDeploymentPostprocessing = 0;
		};
/* End PBXFrameworksBuildPhase section */

/* Begin PBXGroup section */
		769B40602A79336500C01E8C = {
			isa = PBXGroup;
			children = (
				769B406B2A79336500C01E8C /* projekt1 */,
				769B406A2A79336500C01E8C /* Products */,
				769B407F2A8D59F400C01E8C /* Frameworks */,
			);
			sourceTree = "<group>";
		};
		769B406A2A79336500C01E8C /* Products */ = {
			isa = PBXGroup;
			children = (
				769B40692A79336500C01E8C /* projekt1 */,
			);
			name = Products;
			sourceTree = "<group>";
		};
		769B406B2A79336500C01E8C /* projekt1 */ = {
			isa = PBXGroup;
			children = (
				769B406C2A79336500C01E8C /* main.cpp */,
				769B40762A7D75CA00C01E8C /* Menu.cpp */,
				769B40772A7D75CA00C01E8C /* Menu.hpp */,
				769B40732A7AE9EB00C01E8C /* Quiz.cpp */,
				769B40742A7AE9EB00C01E8C /* Quiz.hpp */,
				769B40792A86BEBD00C01E8C /* GuessNum.cpp */,
				769B407A2A86BEBD00C01E8C /* GuessNum.hpp */,
				769B407C2A8BFF0600C01E8C /* Constants.cpp */,
				769B407D2A8BFF0600C01E8C /* Constants.hpp */,
				769B40822A9D0FBF00C01E8C /* Animal.cpp */,
				769B40832A9D0FBF00C01E8C /* Animal.hpp */,
				769B40852A9D114700C01E8C /* Cat.cpp */,
				769B40862A9D114700C01E8C /* Cat.hpp */,
			);
			path = projekt1;
			sourceTree = "<group>";
		};
		769B407F2A8D59F400C01E8C /* Frameworks */ = {
			isa = PBXGroup;
			children = (
				769B40802A8D59F400C01E8C /* libcurl.tbd */,
			);
			name = Frameworks;
			sourceTree = "<group>";
		};
/* End PBXGroup section */

/* Begin PBXNativeTarget section */
		769B40682A79336500C01E8C /* projekt1 */ = {
			isa = PBXNativeTarget;
			buildConfigurationList = 769B40702A79336500C01E8C /* Build configuration list for PBXNativeTarget "projekt1" */;
			buildPhases = (
				769B40652A79336500C01E8C /* Sources */,
				769B40662A79336500C01E8C /* Frameworks */,
				769B40672A79336500C01E8C /* CopyFiles */,
			);
			buildRules = (
			);
			dependencies = (
			);
			name = projekt1;
			productName = projekt1;
			productReference = 769B40692A79336500C01E8C /* projekt1 */;
			productType = "com.apple.product-type.tool";
		};
/* End PBXNativeTarget section */

/* Begin PBXProject section */
		769B40612A79336500C01E8C /* Project object */ = {
			isa = PBXProject;
			attributes = {
				BuildIndependentTargetsInParallel = 1;
				LastUpgradeCheck = 1430;
				TargetAttributes = {
					769B40682A79336500C01E8C = {
						CreatedOnToolsVersion = 14.3.1;
					};
				};
			};
			buildConfigurationList = 769B40642A79336500C01E8C /* Build configuration list for PBXProject "projekt1" */;
			compatibilityVersion = "Xcode 14.0";
			developmentRegion = en;
			hasScannedForEncodings = 0;
			knownRegions = (
				en,
				Base,
			);
			mainGroup = 769B40602A79336500C01E8C;
			productRefGroup = 769B406A2A79336500C01E8C /* Products */;
			projectDirPath = "";
			projectRoot = "";
			targets = (
				769B40682A79336500C01E8C /* projekt1 */,
			);
		};
/* End PBXProject section */

/* Begin PBXSourcesBuildPhase section */
		769B40652A79336500C01E8C /* Sources */ = {
			isa = PBXSourcesBuildPhase;
			buildActionMask = 2147483647;
			files = (
				769B407B2A86BEBD00C01E8C /* GuessNum.cpp in Sources */,
				769B40782A7D75CA00C01E8C /* Menu.cpp in Sources */,
				769B407E2A8BFF0600C01E8C /* Constants.cpp in Sources */,
				769B406D2A79336500C01E8C /* main.cpp in Sources */,
				769B40752A7AE9EB00C01E8C /* Quiz.cpp in Sources */,
				769B40842A9D0FBF00C01E8C /* Animal.cpp in Sources */,
				769B40872A9D114700C01E8C /* Cat.cpp in Sources */,
			);
			runOnlyForDeploymentPostprocessing = 0;
		};
/* End PBXSourcesBuildPhase section */

/* Begin XCBuildConfiguration section */
		769B406E2A79336500C01E8C /* Debug */ = {
			isa = XCBuildConfiguration;
			buildSettings = {
				ALWAYS_SEARCH_USER_PATHS = NO;
				CLANG_ANALYZER_NONNULL = YES;
				CLANG_ANALYZER_NUMBER_OBJECT_CONVERSION = YES_AGGRESSIVE;
				CLANG_CXX_LANGUAGE_STANDARD = "gnu++20";
				CLANG_ENABLE_MODULES = YES;
				CLANG_ENABLE_OBJC_ARC = YES;
				CLANG_ENABLE_OBJC_WEAK = YES;
				CLANG_WARN_BLOCK_CAPTURE_AUTORELEASING = YES;
				CLANG_WARN_BOOL_CONVERSION = YES;
				CLANG_WARN_COMMA = YES;
				CLANG_WARN_CONSTANT_CONVERSION = YES;
				CLANG_WARN_DEPRECATED_OBJC_IMPLEMENTATIONS = YES;
				CLANG_WARN_DIRECT_OBJC_ISA_USAGE = YES_ERROR;
				CLANG_WARN_DOCUMENTATION_COMMENTS = YES;
				CLANG_WARN_EMPTY_BODY = YES;
				CLANG_WARN_ENUM_CONVERSION = YES;
				CLANG_WARN_INFINITE_RECURSION = YES;
				CLANG_WARN_INT_CONVERSION = YES;
				CLANG_WARN_NON_LITERAL_NULL_CONVERSION = YES;
				CLANG_WARN_OBJC_IMPLICIT_RETAIN_SELF = YES;
				CLANG_WARN_OBJC_LITERAL_CONVERSION = YES;
				CLANG_WARN_OBJC_ROOT_CLASS = YES_ERROR;
				CLANG_WARN_QUOTED_INCLUDE_IN_FRAMEWORK_HEADER = YES;
				CLANG_WARN_RANGE_LOOP_ANALYSIS = YES;
				CLANG_WARN_STRICT_PROTOTYPES = YES;
				CLANG_WARN_SUSPICIOUS_MOVE = YES;
				CLANG_WARN_UNGUARDED_AVAILABILITY = YES_AGGRESSIVE;
				CLANG_WARN_UNREACHABLE_CODE = YES;
				CLANG_WARN__DUPLICATE_METHOD_MATCH = YES;
				COPY_PHASE_STRIP = NO;
				DEBUG_INFORMATION_FORMAT = dwarf;
				ENABLE_STRICT_OBJC_MSGSEND = YES;
				ENABLE_TESTABILITY = YES;
				GCC_C_LANGUAGE_STANDARD = gnu11;
				GCC_DYNAMIC_NO_PIC = NO;
				GCC_NO_COMMON_BLOCKS = YES;
				GCC_OPTIMIZATION_LEVEL = 0;
				GCC_PREPROCESSOR_DEFINITIONS = (
					"DEBUG=1",
					"$(inherited)",
				);
				GCC_WARN_64_TO_32_BIT_CONVERSION = YES;
				GCC_WARN_ABOUT_RETURN_TYPE = YES_ERROR;
				GCC_WARN_UNDECLARED_SELECTOR = YES;
				GCC_WARN_UNINITIALIZED_AUTOS = YES_AGGRESSIVE;
				GCC_WARN_UNUSED_FUNCTION = YES;
				GCC_WARN_UNUSED_VARIABLE = YES;
				HEADER_SEARCH_PATHS = /usr/local/include/;
				MACOSX_DEPLOYMENT_TARGET = 13.2;
				MTL_ENABLE_DEBUG_INFO = INCLUDE_SOURCE;
				MTL_FAST_MATH = YES;
				ONLY_ACTIVE_ARCH = YES;
				SDKROOT = macosx;
			};
			name = Debug;
		};
		769B406F2A79336500C01E8C /* Release */ = {
			isa = XCBuildConfiguration;
			buildSettings = {
				ALWAYS_SEARCH_USER_PATHS = NO;
				CLANG_ANALYZER_NONNULL = YES;
				CLANG_ANALYZER_NUMBER_OBJECT_CONVERSION = YES_AGGRESSIVE;
				CLANG_CXX_LANGUAGE_STANDARD = "gnu++20";
				CLANG_ENABLE_MODULES = YES;
				CLANG_ENABLE_OBJC_ARC = YES;
				CLANG_ENABLE_OBJC_WEAK = YES;
				CLANG_WARN_BLOCK_CAPTURE_AUTORELEASING = YES;
				CLANG_WARN_BOOL_CONVERSION = YES;
				CLANG_WARN_COMMA = YES;
				CLANG_WARN_CONSTANT_CONVERSION = YES;
				CLANG_WARN_DEPRECATED_OBJC_IMPLEMENTATIONS = YES;
				CLANG_WARN_DIRECT_OBJC_ISA_USAGE = YES_ERROR;
				CLANG_WARN_DOCUMENTATION_COMMENTS = YES;
				CLANG_WARN_EMPTY_BODY = YES;
				CLANG_WARN_ENUM_CONVERSION = YES;
				CLANG_WARN_INFINITE_RECURSION = YES;
				CLANG_WARN_INT_CONVERSION = YES;
				CLANG_WARN_NON_LITERAL_NULL_CONVERSION = YES;
				CLANG_WARN_OBJC_IMPLICIT_RETAIN_SELF = YES;
				CLANG_WARN_OBJC_LITERAL_CONVERSION = YES;
				CLANG_WARN_OBJC_ROOT_CLASS = YES_ERROR;
				CLANG_WARN_QUOTED_INCLUDE_IN_FRAMEWORK_HEADER = YES;
				CLANG_WARN_RANGE_LOOP_ANALYSIS = YES;
				CLANG_WARN_STRICT_PROTOTYPES = YES;
				CLANG_WARN_SUSPICIOUS_MOVE = YES;
				CLANG_WARN_UNGUARDED_AVAILABILITY = YES_AGGRESSIVE;
				CLANG_WARN_UNREACHABLE_CODE = YES;
				CLANG_WARN__DUPLICATE_METHOD_MATCH = YES;
				COPY_PHASE_STRIP = NO;
				DEBUG_INFORMATION_FORMAT = "dwarf-with-dsym";
				ENABLE_NS_ASSERTIONS = NO;
				ENABLE_STRICT_OBJC_MSGSEND = YES;
				GCC_C_LANGUAGE_STANDARD = gnu11;
				GCC_NO_COMMON_BLOCKS = YES;
				GCC_WARN_64_TO_32_BIT_CONVERSION = YES;
				GCC_WARN_ABOUT_RETURN_TYPE = YES_ERROR;
				GCC_WARN_UNDECLARED_SELECTOR = YES;
				GCC_WARN_UNINITIALIZED_AUTOS = YES_AGGRESSIVE;
				GCC_WARN_UNUSED_FUNCTION = YES;
				GCC_WARN_UNUSED_VARIABLE = YES;
				HEADER_SEARCH_PATHS = /usr/local/include/;
				MACOSX_DEPLOYMENT_TARGET = 13.2;
				MTL_ENABLE_DEBUG_INFO = NO;
				MTL_FAST_MATH = YES;
				SDKROOT = macosx;
			};
			name = Release;
		};
		769B40712A79336500C01E8C /* Debug */ = {
			isa = XCBuildConfiguration;
			buildSettings = {
				ARCHS = "$(ARCHS_STANDARD)";
				CODE_SIGN_STYLE = Automatic;
				DEVELOPMENT_TEAM = ZFZW3889HK;
				ENABLE_HARDENED_RUNTIME = YES;
				HEADER_SEARCH_PATHS = /usr/local/include/;
				ONLY_ACTIVE_ARCH = YES;
				PRODUCT_NAME = "$(TARGET_NAME)";
			};
			name = Debug;
		};
		769B40722A79336500C01E8C /* Release */ = {
			isa = XCBuildConfiguration;
			buildSettings = {
				ARCHS = "$(ARCHS_STANDARD)";
				CODE_SIGN_STYLE = Automatic;
				DEVELOPMENT_TEAM = ZFZW3889HK;
				ENABLE_HARDENED_RUNTIME = YES;
				HEADER_SEARCH_PATHS = /usr/local/include/;
				ONLY_ACTIVE_ARCH = NO;
				PRODUCT_NAME = "$(TARGET_NAME)";
			};
			name = Release;
		};
/* End XCBuildConfiguration section */

/* Begin XCConfigurationList section */
		769B40642A79336500C01E8C /* Build configuration list for PBXProject "projekt1" */ = {
			isa = XCConfigurationList;
			buildConfigurations = (
				769B406E2A79336500C01E8C /* Debug */,
				769B406F2A79336500C01E8C /* Release */,
			);
			defaultConfigurationIsVisible = 0;
			defaultConfigurationName = Release;
		};
		769B40702A79336500C01E8C /* Build configuration list for PBXNativeTarget "projekt1" */ = {
			isa = XCConfigurationList;
			buildConfigurations = (
				769B40712A79336500C01E8C /* Debug */,
				769B40722A79336500C01E8C /* Release */,
			);
			defaultConfigurationIsVisible = 0;
			defaultConfigurationName = Release;
		};
/* End XCConfigurationList section */
	};
	rootObject = 769B40612A79336500C01E8C /* Project object */;
}
